
Microsoft Visual Studio Solution File, Format Version 12.00
# Visual Studio Version 16
VisualStudioVersion = 16.0.31702.278
MinimumVisualStudioVersion = 10.0.40219.1
Project("{FAE04EC0-301F-11D3-BF4B-00C04F79EFBC}") = "Ficheros_02", "Ficheros_02\Ficheros_02.csproj", "{C5248D50-51D1-45C1-8CA9-99D411E77DCD}"
EndProject
Global
	GlobalSection(SolutionConfigurationPlatforms) = preSolution
		Debug|Any CPU = Debug|Any CPU
		Release|Any CPU = Release|Any CPU
	EndGlobalSection
	GlobalSection(ProjectConfigurationPlatforms) = postSolution
		{C5248D50-51D1-45C1-8CA9-99D411E77DCD}.Debug|Any CPU.ActiveCfg = Debug|Any CPU
		{C5248D50-51D1-45C1-8CA9-99D411E77DCD}.Debug|Any CPU.Build.0 = Debug|Any CPU
		{C5248D50-51D1-45C1-8CA9-99D411E77DCD}.Release|Any CPU.ActiveCfg = Release|Any CPU
		{C5248D50-51D1-45C1-8CA9-99D411E77DCD}.Release|Any CPU.Build.0 = Release|Any CPU
	EndGlobalSection
	GlobalSection(SolutionProperties) = preSolution
		HideSolutionNode = FALSE
	EndGlobalSection
	GlobalSection(ExtensibilityGlobals) = postSolution
		SolutionGuid = {120B39B8-58A0-42B5-9EA8-8487D1E630D0}
	EndGlobalSection
EndGlobal
